
Microsoft Visual Studio Solution File, Format Version 12.00
# Visual Studio Version 17
VisualStudioVersion = 17.5.33424.131
MinimumVisualStudioVersion = 10.0.40219.1
Project("{9A19103F-16F7-4668-BE54-9A1E7A4F7556}") = "test.api", "test.api\test.api.csproj", "{1BDCE3E9-054D-4E94-8BCE-E42BDBD9CB69}"
EndProject
Project("{FAE04EC0-301F-11D3-BF4B-00C04F79EFBC}") = "test.api.helpers", "test.api.helpers\test.api.helpers.csproj", "{146D1856-DB42-4F24-9AAB-7110FC6FDF3A}"
EndProject
Project("{FAE04EC0-301F-11D3-BF4B-00C04F79EFBC}") = "test.api.models", "test.api.models\test.api.models.csproj", "{DD2898F3-257C-48C3-AD42-7588ED7DD2A1}"
EndProject
Global
	GlobalSection(SolutionConfigurationPlatforms) = preSolution
		Debug|Any CPU = Debug|Any CPU
		Release|Any CPU = Release|Any CPU
	EndGlobalSection
	GlobalSection(ProjectConfigurationPlatforms) = postSolution
		{1BDCE3E9-054D-4E94-8BCE-E42BDBD9CB69}.Debug|Any CPU.ActiveCfg = Debug|Any CPU
		{1BDCE3E9-054D-4E94-8BCE-E42BDBD9CB69}.Debug|Any CPU.Build.0 = Debug|Any CPU
		{1BDCE3E9-054D-4E94-8BCE-E42BDBD9CB69}.Release|Any CPU.ActiveCfg = Release|Any CPU
		{1BDCE3E9-054D-4E94-8BCE-E42BDBD9CB69}.Release|Any CPU.Build.0 = Release|Any CPU
		{146D1856-DB42-4F24-9AAB-7110FC6FDF3A}.Debug|Any CPU.ActiveCfg = Debug|Any CPU
		{146D1856-DB42-4F24-9AAB-7110FC6FDF3A}.Debug|Any CPU.Build.0 = Debug|Any CPU
		{146D1856-DB42-4F24-9AAB-7110FC6FDF3A}.Release|Any CPU.ActiveCfg = Release|Any CPU
		{146D1856-DB42-4F24-9AAB-7110FC6FDF3A}.Release|Any CPU.Build.0 = Release|Any CPU
		{DD2898F3-257C-48C3-AD42-7588ED7DD2A1}.Debug|Any CPU.ActiveCfg = Debug|Any CPU
		{DD2898F3-257C-48C3-AD42-7588ED7DD2A1}.Debug|Any CPU.Build.0 = Debug|Any CPU
		{DD2898F3-257C-48C3-AD42-7588ED7DD2A1}.Release|Any CPU.ActiveCfg = Release|Any CPU
		{DD2898F3-257C-48C3-AD42-7588ED7DD2A1}.Release|Any CPU.Build.0 = Release|Any CPU
	EndGlobalSection
	GlobalSection(SolutionProperties) = preSolution
		HideSolutionNode = FALSE
	EndGlobalSection
	GlobalSection(ExtensibilityGlobals) = postSolution
		SolutionGuid = {308DFC53-F2C7-4571-A735-8673D53AAF53}
	EndGlobalSection
EndGlobal
